
Microsoft Visual Studio Solution File, Format Version 12.00
# Visual Studio Version 16
VisualStudioVersion = 16.0.31829.152
MinimumVisualStudioVersion = 10.0.40219.1
Project("{FAE04EC0-301F-11D3-BF4B-00C04F79EFBC}") = "RealWorldMath", "RealWorldMath\RealWorldMath.csproj", "{B65DD68E-780D-4D5C-AA56-7E10DF480D64}"
EndProject
Global
	GlobalSection(SolutionConfigurationPlatforms) = preSolution
		Debug|Any CPU = Debug|Any CPU
		Release|Any CPU = Release|Any CPU
	EndGlobalSection
	GlobalSection(ProjectConfigurationPlatforms) = postSolution
		{B65DD68E-780D-4D5C-AA56-7E10DF480D64}.Debug|Any CPU.ActiveCfg = Debug|Any CPU
		{B65DD68E-780D-4D5C-AA56-7E10DF480D64}.Debug|Any CPU.Build.0 = Debug|Any CPU
		{B65DD68E-780D-4D5C-AA56-7E10DF480D64}.Release|Any CPU.ActiveCfg = Release|Any CPU
		{B65DD68E-780D-4D5C-AA56-7E10DF480D64}.Release|Any CPU.Build.0 = Release|Any CPU
	EndGlobalSection
	GlobalSection(SolutionProperties) = preSolution
		HideSolutionNode = FALSE
	EndGlobalSection
	GlobalSection(ExtensibilityGlobals) = postSolution
		SolutionGuid = {54E6D9FC-22A5-43F3-8D30-7EDC7927E0FE}
	EndGlobalSection
EndGlobal
